// !$*UTF8*$!
{
	archiveVersion = 1;
	classes = {
	};
	objectVersion = 56;
	objects = {

/* Begin PBXBuildFile section */
		300C8AD92B9C39E100D50DAE /* BaseViewModel.swift in Sources */ = {isa = PBXBuildFile; fileRef = 300C8AD82B9C39E100D50DAE /* BaseViewModel.swift */; };
		302FF5432B9E07A0005783EF /* CustomerView.swift in Sources */ = {isa = PBXBuildFile; fileRef = 302FF5422B9E07A0005783EF /* CustomerView.swift */; };
		30C5697D2B9C3B10007B679D /* MainScreenRouterView.swift in Sources */ = {isa = PBXBuildFile; fileRef = 30C5697C2B9C3B10007B679D /* MainScreenRouterView.swift */; };
		30C569852B9C3B72007B679D /* RouteView.swift in Sources */ = {isa = PBXBuildFile; fileRef = 30C569842B9C3B72007B679D /* RouteView.swift */; };
		30C569872B9C3B86007B679D /* Route.swift in Sources */ = {isa = PBXBuildFile; fileRef = 30C569862B9C3B86007B679D /* Route.swift */; };
		30C569892B9C3C5E007B679D /* RoutesView.swift in Sources */ = {isa = PBXBuildFile; fileRef = 30C569882B9C3C5E007B679D /* RoutesView.swift */; };
		30C569942B9C3FE0007B679D /* MainScreenRouterViewModel.swift in Sources */ = {isa = PBXBuildFile; fileRef = 30C569932B9C3FE0007B679D /* MainScreenRouterViewModel.swift */; };
		30C569982B9C409B007B679D /* MainScreenRouterComponent.swift in Sources */ = {isa = PBXBuildFile; fileRef = 30C569972B9C409B007B679D /* MainScreenRouterComponent.swift */; };
		30C569A22B9D7A0D007B679D /* AccountsManagementView.swift in Sources */ = {isa = PBXBuildFile; fileRef = 30C569A12B9D7A0D007B679D /* AccountsManagementView.swift */; };
		30C569AA2B9D7A2D007B679D /* AccountsManagementViewModel.swift in Sources */ = {isa = PBXBuildFile; fileRef = 30C569A92B9D7A2D007B679D /* AccountsManagementViewModel.swift */; };
		30C569AD2B9D7A57007B679D /* AccountsManagementComponent.swift in Sources */ = {isa = PBXBuildFile; fileRef = 30C569AC2B9D7A57007B679D /* AccountsManagementComponent.swift */; };
		30C569B22B9D7C57007B679D /* AccountBriefView.swift in Sources */ = {isa = PBXBuildFile; fileRef = 30C569B12B9D7C57007B679D /* AccountBriefView.swift */; };
		30C569B92B9D7C87007B679D /* AccountBrief.swift in Sources */ = {isa = PBXBuildFile; fileRef = 30C569B82B9D7C87007B679D /* AccountBrief.swift */; };
		30C569C02B9D7D1E007B679D /* DisplayingAccountType.swift in Sources */ = {isa = PBXBuildFile; fileRef = 30C569BF2B9D7D1E007B679D /* DisplayingAccountType.swift */; };
		30C569C22B9D7D80007B679D /* DisplayingAccountStatus.swift in Sources */ = {isa = PBXBuildFile; fileRef = 30C569C12B9D7D80007B679D /* DisplayingAccountStatus.swift */; };
		30C569C72B9D84EC007B679D /* AccountType.swift in Sources */ = {isa = PBXBuildFile; fileRef = 30C569C62B9D84EC007B679D /* AccountType.swift */; };
		30C569C92B9D851C007B679D /* AccountStatus.swift in Sources */ = {isa = PBXBuildFile; fileRef = 30C569C82B9D851C007B679D /* AccountStatus.swift */; };
		30C569CB2B9D85B6007B679D /* CurrencyType.swift in Sources */ = {isa = PBXBuildFile; fileRef = 30C569CA2B9D85B6007B679D /* CurrencyType.swift */; };
		30C569CD2B9D85DF007B679D /* DisplayingCurrencyType.swift in Sources */ = {isa = PBXBuildFile; fileRef = 30C569CC2B9D85DF007B679D /* DisplayingCurrencyType.swift */; };
		30C569CF2B9D9474007B679D /* DisplayingRole.swift in Sources */ = {isa = PBXBuildFile; fileRef = 30C569CE2B9D9474007B679D /* DisplayingRole.swift */; };
		30C569D22B9D949E007B679D /* Role.swift in Sources */ = {isa = PBXBuildFile; fileRef = 30C569D12B9D949E007B679D /* Role.swift */; };
		30C569D42B9D94D9007B679D /* Account.swift in Sources */ = {isa = PBXBuildFile; fileRef = 30C569D32B9D94D9007B679D /* Account.swift */; };
		30C569D62B9D95B5007B679D /* DisplayingAccount.swift in Sources */ = {isa = PBXBuildFile; fileRef = 30C569D52B9D95B5007B679D /* DisplayingAccount.swift */; };
		30C569D92B9D9875007B679D /* TransactionType.swift in Sources */ = {isa = PBXBuildFile; fileRef = 30C569D82B9D9875007B679D /* TransactionType.swift */; };
		30C569DB2B9D98C4007B679D /* DisplayingTransactionType.swift in Sources */ = {isa = PBXBuildFile; fileRef = 30C569DA2B9D98C4007B679D /* DisplayingTransactionType.swift */; };
		30C569DD2B9D9A10007B679D /* Transaction.swift in Sources */ = {isa = PBXBuildFile; fileRef = 30C569DC2B9D9A10007B679D /* Transaction.swift */; };
		30C569DF2B9D9BB4007B679D /* DisplayingTransaction.swift in Sources */ = {isa = PBXBuildFile; fileRef = 30C569DE2B9D9BB4007B679D /* DisplayingTransaction.swift */; };
		30C569E32B9D9E12007B679D /* TransactionsManagementView.swift in Sources */ = {isa = PBXBuildFile; fileRef = 30C569E22B9D9E12007B679D /* TransactionsManagementView.swift */; };
		30C569E92B9D9E43007B679D /* TransactionsManagementViewModel.swift in Sources */ = {isa = PBXBuildFile; fileRef = 30C569E82B9D9E43007B679D /* TransactionsManagementViewModel.swift */; };
		30C569EB2B9D9E4E007B679D /* TransactionsManagementComponent.swift in Sources */ = {isa = PBXBuildFile; fileRef = 30C569EA2B9D9E4E007B679D /* TransactionsManagementComponent.swift */; };
		30C569ED2B9D9EB4007B679D /* TransactionView.swift in Sources */ = {isa = PBXBuildFile; fileRef = 30C569EC2B9D9EB4007B679D /* TransactionView.swift */; };
		30C569F12B9DCB39007B679D /* StringProtocol+FirstUppercased.swift in Sources */ = {isa = PBXBuildFile; fileRef = 30C569F02B9DCB39007B679D /* StringProtocol+FirstUppercased.swift */; };
		30C56A012B9DD50E007B679D /* DisplayingCreditTerms.swift in Sources */ = {isa = PBXBuildFile; fileRef = 30C56A002B9DD50E007B679D /* DisplayingCreditTerms.swift */; };
		30C56A032B9DD541007B679D /* DisplayingMoney.swift in Sources */ = {isa = PBXBuildFile; fileRef = 30C56A022B9DD541007B679D /* DisplayingMoney.swift */; };
		30C56A052B9DD56B007B679D /* Money.swift in Sources */ = {isa = PBXBuildFile; fileRef = 30C56A042B9DD56B007B679D /* Money.swift */; };
		30C56A072B9DD66E007B679D /* CreditTerms.swift in Sources */ = {isa = PBXBuildFile; fileRef = 30C56A062B9DD66E007B679D /* CreditTerms.swift */; };
		30C56A0C2B9DD7F1007B679D /* CreditTermsCreationView.swift in Sources */ = {isa = PBXBuildFile; fileRef = 30C56A0B2B9DD7F1007B679D /* CreditTermsCreationView.swift */; };
		30C56A102B9DD8F8007B679D /* CreditTermsCreationViewModel.swift in Sources */ = {isa = PBXBuildFile; fileRef = 30C56A0F2B9DD8F8007B679D /* CreditTermsCreationViewModel.swift */; };
		30C56A122B9DD905007B679D /* CreditTermsCreationComponent.swift in Sources */ = {isa = PBXBuildFile; fileRef = 30C56A112B9DD905007B679D /* CreditTermsCreationComponent.swift */; };
		30C56A152B9DDEC0007B679D /* LoansOverviewView.swift in Sources */ = {isa = PBXBuildFile; fileRef = 30C56A142B9DDEC0007B679D /* LoansOverviewView.swift */; };
		30C56A192B9DDED5007B679D /* LoansOverviewViewModel.swift in Sources */ = {isa = PBXBuildFile; fileRef = 30C56A182B9DDED5007B679D /* LoansOverviewViewModel.swift */; };
		30C56A1C2B9DDF6E007B679D /* LoansOverviewComponent.swift in Sources */ = {isa = PBXBuildFile; fileRef = 30C56A1B2B9DDF6E007B679D /* LoansOverviewComponent.swift */; };
		30D749C62B9E062300901CC7 /* Customer.swift in Sources */ = {isa = PBXBuildFile; fileRef = 30D749C52B9E062300901CC7 /* Customer.swift */; };
		30D749C82B9E066A00901CC7 /* DisplayingCustomer.swift in Sources */ = {isa = PBXBuildFile; fileRef = 30D749C72B9E066A00901CC7 /* DisplayingCustomer.swift */; };
		30F97D782B9C1F2C002738D8 /* BankApp.swift in Sources */ = {isa = PBXBuildFile; fileRef = 30F97D772B9C1F2C002738D8 /* BankApp.swift */; };
		30F97D7C2B9C1F2D002738D8 /* Assets.xcassets in Resources */ = {isa = PBXBuildFile; fileRef = 30F97D7B2B9C1F2D002738D8 /* Assets.xcassets */; };
		30F97D7F2B9C1F2D002738D8 /* Preview Assets.xcassets in Resources */ = {isa = PBXBuildFile; fileRef = 30F97D7E2B9C1F2D002738D8 /* Preview Assets.xcassets */; };
		30F97D872B9C2675002738D8 /* RswiftLibrary in Frameworks */ = {isa = PBXBuildFile; productRef = 30F97D862B9C2675002738D8 /* RswiftLibrary */; };
		30F97D8B2B9C268B002738D8 /* Localizable.strings in Resources */ = {isa = PBXBuildFile; fileRef = 30F97D892B9C268B002738D8 /* Localizable.strings */; };
		30F97D912B9C2723002738D8 /* NeedleFoundation in Frameworks */ = {isa = PBXBuildFile; productRef = 30F97D902B9C2723002738D8 /* NeedleFoundation */; };
		30F97D982B9C27FD002738D8 /* MainView.swift in Sources */ = {isa = PBXBuildFile; fileRef = 30F97D972B9C27FD002738D8 /* MainView.swift */; };
		30F97D9B2B9C2829002738D8 /* MainComponent.swift in Sources */ = {isa = PBXBuildFile; fileRef = 30F97D9A2B9C2829002738D8 /* MainComponent.swift */; };
		30F97D9E2B9C2836002738D8 /* MainViewModel.swift in Sources */ = {isa = PBXBuildFile; fileRef = 30F97D9D2B9C2836002738D8 /* MainViewModel.swift */; };
		30F97DA12B9C28AE002738D8 /* NeedleGenerated.swift in Sources */ = {isa = PBXBuildFile; fileRef = 30F97DA02B9C28AE002738D8 /* NeedleGenerated.swift */; };
		30F97DA62B9C2909002738D8 /* Rswift+SwiftUI.swift in Sources */ = {isa = PBXBuildFile; fileRef = 30F97DA52B9C2909002738D8 /* Rswift+SwiftUI.swift */; };
		30F97DAA2B9C2AA4002738D8 /* Papyrus in Frameworks */ = {isa = PBXBuildFile; productRef = 30F97DA92B9C2AA4002738D8 /* Papyrus */; };
		30F97DAC2B9C2AA4002738D8 /* PapyrusCore in Frameworks */ = {isa = PBXBuildFile; productRef = 30F97DAB2B9C2AA4002738D8 /* PapyrusCore */; };
		30F97DB02B9C2ADB002738D8 /* SPAlert in Frameworks */ = {isa = PBXBuildFile; productRef = 30F97DAF2B9C2ADB002738D8 /* SPAlert */; };
		30F97DB42B9C2AF9002738D8 /* KeychainAccess in Frameworks */ = {isa = PBXBuildFile; productRef = 30F97DB32B9C2AF9002738D8 /* KeychainAccess */; };
		30F97DBB2B9C2CB3002738D8 /* AuthenticationView.swift in Sources */ = {isa = PBXBuildFile; fileRef = 30F97DBA2B9C2CB3002738D8 /* AuthenticationView.swift */; };
		30F97DBF2B9C2CC6002738D8 /* AuthenticationViewModel.swift in Sources */ = {isa = PBXBuildFile; fileRef = 30F97DBE2B9C2CC6002738D8 /* AuthenticationViewModel.swift */; };
		30F97DC12B9C2CCE002738D8 /* AuthenticationComponent.swift in Sources */ = {isa = PBXBuildFile; fileRef = 30F97DC02B9C2CCE002738D8 /* AuthenticationComponent.swift */; };
		30F97DCA2B9C3514002738D8 /* DefaultHorizontalPaddingModifier.swift in Sources */ = {isa = PBXBuildFile; fileRef = 30F97DC92B9C3514002738D8 /* DefaultHorizontalPaddingModifier.swift */; };
		30F97DCF2B9C35A6002738D8 /* RegistrationView.swift in Sources */ = {isa = PBXBuildFile; fileRef = 30F97DCE2B9C35A6002738D8 /* RegistrationView.swift */; };
		30F97DD32B9C35CA002738D8 /* RegistrationViewModel.swift in Sources */ = {isa = PBXBuildFile; fileRef = 30F97DD22B9C35CA002738D8 /* RegistrationViewModel.swift */; };
		30F97DD52B9C35D3002738D8 /* RegistrationComponent.swift in Sources */ = {isa = PBXBuildFile; fileRef = 30F97DD42B9C35D3002738D8 /* RegistrationComponent.swift */; };
/* End PBXBuildFile section */

/* Begin PBXFileReference section */
		300C8AD82B9C39E100D50DAE /* BaseViewModel.swift */ = {isa = PBXFileReference; lastKnownFileType = sourcecode.swift; path = BaseViewModel.swift; sourceTree = "<group>"; };
		302FF5422B9E07A0005783EF /* CustomerView.swift */ = {isa = PBXFileReference; lastKnownFileType = sourcecode.swift; path = CustomerView.swift; sourceTree = "<group>"; };
		30C5697C2B9C3B10007B679D /* MainScreenRouterView.swift */ = {isa = PBXFileReference; lastKnownFileType = sourcecode.swift; path = MainScreenRouterView.swift; sourceTree = "<group>"; };
		30C569842B9C3B72007B679D /* RouteView.swift */ = {isa = PBXFileReference; lastKnownFileType = sourcecode.swift; path = RouteView.swift; sourceTree = "<group>"; };
		30C569862B9C3B86007B679D /* Route.swift */ = {isa = PBXFileReference; lastKnownFileType = sourcecode.swift; path = Route.swift; sourceTree = "<group>"; };
		30C569882B9C3C5E007B679D /* RoutesView.swift */ = {isa = PBXFileReference; lastKnownFileType = sourcecode.swift; path = RoutesView.swift; sourceTree = "<group>"; };
		30C569932B9C3FE0007B679D /* MainScreenRouterViewModel.swift */ = {isa = PBXFileReference; lastKnownFileType = sourcecode.swift; path = MainScreenRouterViewModel.swift; sourceTree = "<group>"; };
		30C569972B9C409B007B679D /* MainScreenRouterComponent.swift */ = {isa = PBXFileReference; lastKnownFileType = sourcecode.swift; path = MainScreenRouterComponent.swift; sourceTree = "<group>"; };
		30C569A12B9D7A0D007B679D /* AccountsManagementView.swift */ = {isa = PBXFileReference; lastKnownFileType = sourcecode.swift; path = AccountsManagementView.swift; sourceTree = "<group>"; };
		30C569A92B9D7A2D007B679D /* AccountsManagementViewModel.swift */ = {isa = PBXFileReference; lastKnownFileType = sourcecode.swift; path = AccountsManagementViewModel.swift; sourceTree = "<group>"; };
		30C569AC2B9D7A57007B679D /* AccountsManagementComponent.swift */ = {isa = PBXFileReference; lastKnownFileType = sourcecode.swift; path = AccountsManagementComponent.swift; sourceTree = "<group>"; };
		30C569B12B9D7C57007B679D /* AccountBriefView.swift */ = {isa = PBXFileReference; lastKnownFileType = sourcecode.swift; path = AccountBriefView.swift; sourceTree = "<group>"; };
		30C569B82B9D7C87007B679D /* AccountBrief.swift */ = {isa = PBXFileReference; lastKnownFileType = sourcecode.swift; path = AccountBrief.swift; sourceTree = "<group>"; };
		30C569BF2B9D7D1E007B679D /* DisplayingAccountType.swift */ = {isa = PBXFileReference; lastKnownFileType = sourcecode.swift; path = DisplayingAccountType.swift; sourceTree = "<group>"; };
		30C569C12B9D7D80007B679D /* DisplayingAccountStatus.swift */ = {isa = PBXFileReference; lastKnownFileType = sourcecode.swift; path = DisplayingAccountStatus.swift; sourceTree = "<group>"; };
		30C569C62B9D84EC007B679D /* AccountType.swift */ = {isa = PBXFileReference; lastKnownFileType = sourcecode.swift; path = AccountType.swift; sourceTree = "<group>"; };
		30C569C82B9D851C007B679D /* AccountStatus.swift */ = {isa = PBXFileReference; lastKnownFileType = sourcecode.swift; path = AccountStatus.swift; sourceTree = "<group>"; };
		30C569CA2B9D85B6007B679D /* CurrencyType.swift */ = {isa = PBXFileReference; lastKnownFileType = sourcecode.swift; path = CurrencyType.swift; sourceTree = "<group>"; };
		30C569CC2B9D85DF007B679D /* DisplayingCurrencyType.swift */ = {isa = PBXFileReference; lastKnownFileType = sourcecode.swift; path = DisplayingCurrencyType.swift; sourceTree = "<group>"; };
		30C569CE2B9D9474007B679D /* DisplayingRole.swift */ = {isa = PBXFileReference; lastKnownFileType = sourcecode.swift; path = DisplayingRole.swift; sourceTree = "<group>"; };
		30C569D12B9D949E007B679D /* Role.swift */ = {isa = PBXFileReference; lastKnownFileType = sourcecode.swift; path = Role.swift; sourceTree = "<group>"; };
		30C569D32B9D94D9007B679D /* Account.swift */ = {isa = PBXFileReference; lastKnownFileType = sourcecode.swift; path = Account.swift; sourceTree = "<group>"; };
		30C569D52B9D95B5007B679D /* DisplayingAccount.swift */ = {isa = PBXFileReference; lastKnownFileType = sourcecode.swift; path = DisplayingAccount.swift; sourceTree = "<group>"; };
		30C569D82B9D9875007B679D /* TransactionType.swift */ = {isa = PBXFileReference; lastKnownFileType = sourcecode.swift; path = TransactionType.swift; sourceTree = "<group>"; };
		30C569DA2B9D98C4007B679D /* DisplayingTransactionType.swift */ = {isa = PBXFileReference; lastKnownFileType = sourcecode.swift; path = DisplayingTransactionType.swift; sourceTree = "<group>"; };
		30C569DC2B9D9A10007B679D /* Transaction.swift */ = {isa = PBXFileReference; lastKnownFileType = sourcecode.swift; path = Transaction.swift; sourceTree = "<group>"; };
		30C569DE2B9D9BB4007B679D /* DisplayingTransaction.swift */ = {isa = PBXFileReference; lastKnownFileType = sourcecode.swift; path = DisplayingTransaction.swift; sourceTree = "<group>"; };
		30C569E22B9D9E12007B679D /* TransactionsManagementView.swift */ = {isa = PBXFileReference; lastKnownFileType = sourcecode.swift; path = TransactionsManagementView.swift; sourceTree = "<group>"; };
		30C569E82B9D9E43007B679D /* TransactionsManagementViewModel.swift */ = {isa = PBXFileReference; lastKnownFileType = sourcecode.swift; path = TransactionsManagementViewModel.swift; sourceTree = "<group>"; };
		30C569EA2B9D9E4E007B679D /* TransactionsManagementComponent.swift */ = {isa = PBXFileReference; lastKnownFileType = sourcecode.swift; path = TransactionsManagementComponent.swift; sourceTree = "<group>"; };
		30C569EC2B9D9EB4007B679D /* TransactionView.swift */ = {isa = PBXFileReference; lastKnownFileType = sourcecode.swift; path = TransactionView.swift; sourceTree = "<group>"; };
		30C569F02B9DCB39007B679D /* StringProtocol+FirstUppercased.swift */ = {isa = PBXFileReference; lastKnownFileType = sourcecode.swift; path = "StringProtocol+FirstUppercased.swift"; sourceTree = "<group>"; };
		30C56A002B9DD50E007B679D /* DisplayingCreditTerms.swift */ = {isa = PBXFileReference; lastKnownFileType = sourcecode.swift; path = DisplayingCreditTerms.swift; sourceTree = "<group>"; };
		30C56A022B9DD541007B679D /* DisplayingMoney.swift */ = {isa = PBXFileReference; lastKnownFileType = sourcecode.swift; path = DisplayingMoney.swift; sourceTree = "<group>"; };
		30C56A042B9DD56B007B679D /* Money.swift */ = {isa = PBXFileReference; lastKnownFileType = sourcecode.swift; path = Money.swift; sourceTree = "<group>"; };
		30C56A062B9DD66E007B679D /* CreditTerms.swift */ = {isa = PBXFileReference; lastKnownFileType = sourcecode.swift; path = CreditTerms.swift; sourceTree = "<group>"; };
		30C56A0B2B9DD7F1007B679D /* CreditTermsCreationView.swift */ = {isa = PBXFileReference; lastKnownFileType = sourcecode.swift; path = CreditTermsCreationView.swift; sourceTree = "<group>"; };
		30C56A0F2B9DD8F8007B679D /* CreditTermsCreationViewModel.swift */ = {isa = PBXFileReference; lastKnownFileType = sourcecode.swift; path = CreditTermsCreationViewModel.swift; sourceTree = "<group>"; };
		30C56A112B9DD905007B679D /* CreditTermsCreationComponent.swift */ = {isa = PBXFileReference; lastKnownFileType = sourcecode.swift; path = CreditTermsCreationComponent.swift; sourceTree = "<group>"; };
		30C56A142B9DDEC0007B679D /* LoansOverviewView.swift */ = {isa = PBXFileReference; lastKnownFileType = sourcecode.swift; path = LoansOverviewView.swift; sourceTree = "<group>"; };
		30C56A182B9DDED5007B679D /* LoansOverviewViewModel.swift */ = {isa = PBXFileReference; lastKnownFileType = sourcecode.swift; path = LoansOverviewViewModel.swift; sourceTree = "<group>"; };
		30C56A1B2B9DDF6E007B679D /* LoansOverviewComponent.swift */ = {isa = PBXFileReference; lastKnownFileType = sourcecode.swift; path = LoansOverviewComponent.swift; sourceTree = "<group>"; };
		30D749C52B9E062300901CC7 /* Customer.swift */ = {isa = PBXFileReference; lastKnownFileType = sourcecode.swift; path = Customer.swift; sourceTree = "<group>"; };
		30D749C72B9E066A00901CC7 /* DisplayingCustomer.swift */ = {isa = PBXFileReference; lastKnownFileType = sourcecode.swift; path = DisplayingCustomer.swift; sourceTree = "<group>"; };
		30F97D742B9C1F2C002738D8 /* Bank.app */ = {isa = PBXFileReference; explicitFileType = wrapper.application; includeInIndex = 0; path = Bank.app; sourceTree = BUILT_PRODUCTS_DIR; };
		30F97D772B9C1F2C002738D8 /* BankApp.swift */ = {isa = PBXFileReference; lastKnownFileType = sourcecode.swift; path = BankApp.swift; sourceTree = "<group>"; };
		30F97D7B2B9C1F2D002738D8 /* Assets.xcassets */ = {isa = PBXFileReference; lastKnownFileType = folder.assetcatalog; path = Assets.xcassets; sourceTree = "<group>"; };
		30F97D7E2B9C1F2D002738D8 /* Preview Assets.xcassets */ = {isa = PBXFileReference; lastKnownFileType = folder.assetcatalog; path = "Preview Assets.xcassets"; sourceTree = "<group>"; };
		30F97D8A2B9C268B002738D8 /* en */ = {isa = PBXFileReference; lastKnownFileType = text.plist.strings; name = en; path = en.lproj/Localizable.strings; sourceTree = "<group>"; };
		30F97D972B9C27FD002738D8 /* MainView.swift */ = {isa = PBXFileReference; lastKnownFileType = sourcecode.swift; path = MainView.swift; sourceTree = "<group>"; };
		30F97D9A2B9C2829002738D8 /* MainComponent.swift */ = {isa = PBXFileReference; lastKnownFileType = sourcecode.swift; path = MainComponent.swift; sourceTree = "<group>"; };
		30F97D9D2B9C2836002738D8 /* MainViewModel.swift */ = {isa = PBXFileReference; lastKnownFileType = sourcecode.swift; path = MainViewModel.swift; sourceTree = "<group>"; };
		30F97DA02B9C28AE002738D8 /* NeedleGenerated.swift */ = {isa = PBXFileReference; fileEncoding = 4; lastKnownFileType = sourcecode.swift; path = NeedleGenerated.swift; sourceTree = "<group>"; };
		30F97DA52B9C2909002738D8 /* Rswift+SwiftUI.swift */ = {isa = PBXFileReference; lastKnownFileType = sourcecode.swift; path = "Rswift+SwiftUI.swift"; sourceTree = "<group>"; };
		30F97DBA2B9C2CB3002738D8 /* AuthenticationView.swift */ = {isa = PBXFileReference; lastKnownFileType = sourcecode.swift; path = AuthenticationView.swift; sourceTree = "<group>"; };
		30F97DBE2B9C2CC6002738D8 /* AuthenticationViewModel.swift */ = {isa = PBXFileReference; lastKnownFileType = sourcecode.swift; path = AuthenticationViewModel.swift; sourceTree = "<group>"; };
		30F97DC02B9C2CCE002738D8 /* AuthenticationComponent.swift */ = {isa = PBXFileReference; lastKnownFileType = sourcecode.swift; path = AuthenticationComponent.swift; sourceTree = "<group>"; };
		30F97DC92B9C3514002738D8 /* DefaultHorizontalPaddingModifier.swift */ = {isa = PBXFileReference; lastKnownFileType = sourcecode.swift; path = DefaultHorizontalPaddingModifier.swift; sourceTree = "<group>"; };
		30F97DCE2B9C35A6002738D8 /* RegistrationView.swift */ = {isa = PBXFileReference; lastKnownFileType = sourcecode.swift; path = RegistrationView.swift; sourceTree = "<group>"; };
		30F97DD22B9C35CA002738D8 /* RegistrationViewModel.swift */ = {isa = PBXFileReference; lastKnownFileType = sourcecode.swift; path = RegistrationViewModel.swift; sourceTree = "<group>"; };
		30F97DD42B9C35D3002738D8 /* RegistrationComponent.swift */ = {isa = PBXFileReference; lastKnownFileType = sourcecode.swift; path = RegistrationComponent.swift; sourceTree = "<group>"; };
/* End PBXFileReference section */

/* Begin PBXFrameworksBuildPhase section */
		30F97D712B9C1F2C002738D8 /* Frameworks */ = {
			isa = PBXFrameworksBuildPhase;
			buildActionMask = 2147483647;
			files = (
				30F97DAC2B9C2AA4002738D8 /* PapyrusCore in Frameworks */,
				30F97DB02B9C2ADB002738D8 /* SPAlert in Frameworks */,
				30F97DB42B9C2AF9002738D8 /* KeychainAccess in Frameworks */,
				30F97DAA2B9C2AA4002738D8 /* Papyrus in Frameworks */,
				30F97D912B9C2723002738D8 /* NeedleFoundation in Frameworks */,
				30F97D872B9C2675002738D8 /* RswiftLibrary in Frameworks */,
			);
			runOnlyForDeploymentPostprocessing = 0;
		};
/* End PBXFrameworksBuildPhase section */

/* Begin PBXGroup section */
		302FF53F2B9E0786005783EF /* Subviews */ = {
			isa = PBXGroup;
			children = (
				302FF5422B9E07A0005783EF /* CustomerView.swift */,
			);
			path = Subviews;
			sourceTree = "<group>";
		};
		30C5697B2B9C3AF5007B679D /* MainScreenRouterComponent */ = {
			isa = PBXGroup;
			children = (
				30C569802B9C3B32007B679D /* Component */,
				30C5697F2B9C3B2B007B679D /* ViewModel */,
				30C5697C2B9C3B10007B679D /* MainScreenRouterView.swift */,
			);
			path = MainScreenRouterComponent;
			sourceTree = "<group>";
		};
		30C5697F2B9C3B2B007B679D /* ViewModel */ = {
			isa = PBXGroup;
			children = (
				30C569932B9C3FE0007B679D /* MainScreenRouterViewModel.swift */,
			);
			path = ViewModel;
			sourceTree = "<group>";
		};
		30C569802B9C3B32007B679D /* Component */ = {
			isa = PBXGroup;
			children = (
				30C569972B9C409B007B679D /* MainScreenRouterComponent.swift */,
			);
			path = Component;
			sourceTree = "<group>";
		};
		30C569822B9C3B49007B679D /* Subviews */ = {
			isa = PBXGroup;
			children = (
				30C569832B9C3B55007B679D /* Models */,
				30C569842B9C3B72007B679D /* RouteView.swift */,
			);
			path = Subviews;
			sourceTree = "<group>";
		};
		30C569832B9C3B55007B679D /* Models */ = {
			isa = PBXGroup;
			children = (
				30C569862B9C3B86007B679D /* Route.swift */,
			);
			path = Models;
			sourceTree = "<group>";
		};
		30C5698E2B9C3FA8007B679D /* RoutesView */ = {
			isa = PBXGroup;
			children = (
				30C569822B9C3B49007B679D /* Subviews */,
				30C569882B9C3C5E007B679D /* RoutesView.swift */,
			);
			path = RoutesView;
			sourceTree = "<group>";
		};
		30C5699A2B9D79CD007B679D /* AccountsManagementComponent */ = {
			isa = PBXGroup;
			children = (
				30C569A72B9D7A22007B679D /* Component */,
				30C569A42B9D7A19007B679D /* ViewModel */,
				30C569A12B9D7A0D007B679D /* AccountsManagementView.swift */,
			);
			path = AccountsManagementComponent;
			sourceTree = "<group>";
		};
		30C569A42B9D7A19007B679D /* ViewModel */ = {
			isa = PBXGroup;
			children = (
				30C569A92B9D7A2D007B679D /* AccountsManagementViewModel.swift */,
			);
			path = ViewModel;
			sourceTree = "<group>";
		};
		30C569A72B9D7A22007B679D /* Component */ = {
			isa = PBXGroup;
			children = (
				30C569AC2B9D7A57007B679D /* AccountsManagementComponent.swift */,
			);
			path = Component;
			sourceTree = "<group>";
		};
		30C569B32B9D7C63007B679D /* AccountBriefView */ = {
			isa = PBXGroup;
			children = (
				30C569B72B9D7C6C007B679D /* Model */,
				30C569B12B9D7C57007B679D /* AccountBriefView.swift */,
			);
			path = AccountBriefView;
			sourceTree = "<group>";
		};
		30C569B72B9D7C6C007B679D /* Model */ = {
			isa = PBXGroup;
			children = (
				30C569B82B9D7C87007B679D /* AccountBrief.swift */,
			);
			path = Model;
			sourceTree = "<group>";
		};
		30C569BC2B9D7CFA007B679D /* Data */ = {
			isa = PBXGroup;
			children = (
				30C569BD2B9D7CFD007B679D /* Model */,
			);
			path = Data;
			sourceTree = "<group>";
		};
		30C569BD2B9D7CFD007B679D /* Model */ = {
			isa = PBXGroup;
			children = (
				30C569C42B9D84D6007B679D /* Netowrking */,
				30C569D72B9D9812007B679D /* Displaying */,
			);
			path = Model;
			sourceTree = "<group>";
		};
		30C569BE2B9D7D12007B679D /* Enums */ = {
			isa = PBXGroup;
			children = (
				30C569BF2B9D7D1E007B679D /* DisplayingAccountType.swift */,
				30C569C12B9D7D80007B679D /* DisplayingAccountStatus.swift */,
				30C569CC2B9D85DF007B679D /* DisplayingCurrencyType.swift */,
				30C569CE2B9D9474007B679D /* DisplayingRole.swift */,
				30C569DA2B9D98C4007B679D /* DisplayingTransactionType.swift */,
			);
			path = Enums;
			sourceTree = "<group>";
		};
		30C569C42B9D84D6007B679D /* Netowrking */ = {
			isa = PBXGroup;
			children = (
				30C569C52B9D84E2007B679D /* Enums */,
				30C569D32B9D94D9007B679D /* Account.swift */,
				30C569DC2B9D9A10007B679D /* Transaction.swift */,
				30C56A042B9DD56B007B679D /* Money.swift */,
				30C56A062B9DD66E007B679D /* CreditTerms.swift */,
				30D749C52B9E062300901CC7 /* Customer.swift */,
			);
			path = Netowrking;
			sourceTree = "<group>";
		};
		30C569C52B9D84E2007B679D /* Enums */ = {
			isa = PBXGroup;
			children = (
				30C569C62B9D84EC007B679D /* AccountType.swift */,
				30C569C82B9D851C007B679D /* AccountStatus.swift */,
				30C569CA2B9D85B6007B679D /* CurrencyType.swift */,
				30C569D12B9D949E007B679D /* Role.swift */,
				30C569D82B9D9875007B679D /* TransactionType.swift */,
			);
			path = Enums;
			sourceTree = "<group>";
		};
		30C569D72B9D9812007B679D /* Displaying */ = {
			isa = PBXGroup;
			children = (
				30C569BE2B9D7D12007B679D /* Enums */,
				30C569D52B9D95B5007B679D /* DisplayingAccount.swift */,
				30C569DE2B9D9BB4007B679D /* DisplayingTransaction.swift */,
				30C56A022B9DD541007B679D /* DisplayingMoney.swift */,
				30C56A002B9DD50E007B679D /* DisplayingCreditTerms.swift */,
				30D749C72B9E066A00901CC7 /* DisplayingCustomer.swift */,
			);
			path = Displaying;
			sourceTree = "<group>";
		};
		30C569E12B9D9DF2007B679D /* TransactionsManagementComponent */ = {
			isa = PBXGroup;
			children = (
				30C569E52B9D9E21007B679D /* Component */,
				30C569E42B9D9E1C007B679D /* ViewModel */,
				30C569E22B9D9E12007B679D /* TransactionsManagementView.swift */,
			);
			path = TransactionsManagementComponent;
			sourceTree = "<group>";
		};
		30C569E42B9D9E1C007B679D /* ViewModel */ = {
			isa = PBXGroup;
			children = (
				30C569E82B9D9E43007B679D /* TransactionsManagementViewModel.swift */,
			);
			path = ViewModel;
			sourceTree = "<group>";
		};
		30C569E52B9D9E21007B679D /* Component */ = {
			isa = PBXGroup;
			children = (
				30C569EA2B9D9E4E007B679D /* TransactionsManagementComponent.swift */,
			);
			path = Component;
			sourceTree = "<group>";
		};
		30C569EE2B9DCB30007B679D /* Data */ = {
			isa = PBXGroup;
			children = (
				30C569F02B9DCB39007B679D /* StringProtocol+FirstUppercased.swift */,
			);
			path = Data;
			sourceTree = "<group>";
		};
		30C56A082B9DD766007B679D /* CreditTermsCreationComponent */ = {
			isa = PBXGroup;
			children = (
				30C56A0E2B9DD8EB007B679D /* Component */,
				30C56A0D2B9DD8E7007B679D /* ViewModel */,
				30C56A0B2B9DD7F1007B679D /* CreditTermsCreationView.swift */,
			);
			path = CreditTermsCreationComponent;
			sourceTree = "<group>";
		};
		30C56A0D2B9DD8E7007B679D /* ViewModel */ = {
			isa = PBXGroup;
			children = (
				30C56A0F2B9DD8F8007B679D /* CreditTermsCreationViewModel.swift */,
			);
			path = ViewModel;
			sourceTree = "<group>";
		};
		30C56A0E2B9DD8EB007B679D /* Component */ = {
			isa = PBXGroup;
			children = (
				30C56A112B9DD905007B679D /* CreditTermsCreationComponent.swift */,
			);
			path = Component;
			sourceTree = "<group>";
		};
		30C56A132B9DDEA5007B679D /* LoansOverviewComponent */ = {
			isa = PBXGroup;
			children = (
				302FF53F2B9E0786005783EF /* Subviews */,
				30C56A1A2B9DDF60007B679D /* Component */,
				30C56A172B9DDEC8007B679D /* ViewModel */,
				30C56A142B9DDEC0007B679D /* LoansOverviewView.swift */,
			);
			path = LoansOverviewComponent;
			sourceTree = "<group>";
		};
		30C56A172B9DDEC8007B679D /* ViewModel */ = {
			isa = PBXGroup;
			children = (
				30C56A182B9DDED5007B679D /* LoansOverviewViewModel.swift */,
			);
			path = ViewModel;
			sourceTree = "<group>";
		};
		30C56A1A2B9DDF60007B679D /* Component */ = {
			isa = PBXGroup;
			children = (
				30C56A1B2B9DDF6E007B679D /* LoansOverviewComponent.swift */,
			);
			path = Component;
			sourceTree = "<group>";
		};
		30F97D6B2B9C1F2C002738D8 = {
			isa = PBXGroup;
			children = (
				30F97D762B9C1F2C002738D8 /* Bank */,
				30F97D752B9C1F2C002738D8 /* Products */,
			);
			sourceTree = "<group>";
		};
		30F97D752B9C1F2C002738D8 /* Products */ = {
			isa = PBXGroup;
			children = (
				30F97D742B9C1F2C002738D8 /* Bank.app */,
			);
			name = Products;
			sourceTree = "<group>";
		};
		30F97D762B9C1F2C002738D8 /* Bank */ = {
			isa = PBXGroup;
			children = (
				30C569BC2B9D7CFA007B679D /* Data */,
				30F97DA22B9C28DF002738D8 /* Domain */,
				30F97D952B9C27A1002738D8 /* Presentation */,
				30F97D882B9C267E002738D8 /* Resources */,
				30F97D772B9C1F2C002738D8 /* BankApp.swift */,
				30F97DA02B9C28AE002738D8 /* NeedleGenerated.swift */,
				30F97D7B2B9C1F2D002738D8 /* Assets.xcassets */,
				30F97D7D2B9C1F2D002738D8 /* Preview Content */,
			);
			path = Bank;
			sourceTree = "<group>";
		};
		30F97D7D2B9C1F2D002738D8 /* Preview Content */ = {
			isa = PBXGroup;
			children = (
				30F97D7E2B9C1F2D002738D8 /* Preview Assets.xcassets */,
			);
			path = "Preview Content";
			sourceTree = "<group>";
		};
		30F97D882B9C267E002738D8 /* Resources */ = {
			isa = PBXGroup;
			children = (
				30F97D892B9C268B002738D8 /* Localizable.strings */,
			);
			path = Resources;
			sourceTree = "<group>";
		};
		30F97D952B9C27A1002738D8 /* Presentation */ = {
			isa = PBXGroup;
			children = (
				30F97DC32B9C34E8002738D8 /* Shared */,
				30C56A132B9DDEA5007B679D /* LoansOverviewComponent */,
				30C56A082B9DD766007B679D /* CreditTermsCreationComponent */,
				30C569E12B9D9DF2007B679D /* TransactionsManagementComponent */,
				30C5699A2B9D79CD007B679D /* AccountsManagementComponent */,
				30C5697B2B9C3AF5007B679D /* MainScreenRouterComponent */,
				30F97DCB2B9C358D002738D8 /* RegistrationComponent */,
				30F97DB62B9C2BFE002738D8 /* AuthenticationComponent */,
				30F97D962B9C27A8002738D8 /* MainComponent */,
			);
			path = Presentation;
			sourceTree = "<group>";
		};
		30F97D962B9C27A8002738D8 /* MainComponent */ = {
			isa = PBXGroup;
			children = (
				30F97D992B9C281B002738D8 /* Component */,
				30F97D9C2B9C282D002738D8 /* ViewModel */,
				30F97D972B9C27FD002738D8 /* MainView.swift */,
			);
			path = MainComponent;
			sourceTree = "<group>";
		};
		30F97D992B9C281B002738D8 /* Component */ = {
			isa = PBXGroup;
			children = (
				30F97D9A2B9C2829002738D8 /* MainComponent.swift */,
			);
			path = Component;
			sourceTree = "<group>";
		};
		30F97D9C2B9C282D002738D8 /* ViewModel */ = {
			isa = PBXGroup;
			children = (
				30F97D9D2B9C2836002738D8 /* MainViewModel.swift */,
			);
			path = ViewModel;
			sourceTree = "<group>";
		};
		30F97DA22B9C28DF002738D8 /* Domain */ = {
			isa = PBXGroup;
			children = (
				30F97DA32B9C28E4002738D8 /* Extensions */,
			);
			path = Domain;
			sourceTree = "<group>";
		};
		30F97DA32B9C28E4002738D8 /* Extensions */ = {
			isa = PBXGroup;
			children = (
				30C569EE2B9DCB30007B679D /* Data */,
				30F97DA42B9C28EC002738D8 /* Presentation */,
			);
			path = Extensions;
			sourceTree = "<group>";
		};
		30F97DA42B9C28EC002738D8 /* Presentation */ = {
			isa = PBXGroup;
			children = (
				30F97DA52B9C2909002738D8 /* Rswift+SwiftUI.swift */,
			);
			path = Presentation;
			sourceTree = "<group>";
		};
		30F97DB62B9C2BFE002738D8 /* AuthenticationComponent */ = {
			isa = PBXGroup;
			children = (
				30F97DBD2B9C2CBB002738D8 /* Component */,
				30F97DBC2B9C2CB6002738D8 /* ViewModel */,
				30F97DBA2B9C2CB3002738D8 /* AuthenticationView.swift */,
			);
			path = AuthenticationComponent;
			sourceTree = "<group>";
		};
		30F97DBC2B9C2CB6002738D8 /* ViewModel */ = {
			isa = PBXGroup;
			children = (
				30F97DBE2B9C2CC6002738D8 /* AuthenticationViewModel.swift */,
			);
			path = ViewModel;
			sourceTree = "<group>";
		};
		30F97DBD2B9C2CBB002738D8 /* Component */ = {
			isa = PBXGroup;
			children = (
				30F97DC02B9C2CCE002738D8 /* AuthenticationComponent.swift */,
			);
			path = Component;
			sourceTree = "<group>";
		};
		30F97DC32B9C34E8002738D8 /* Shared */ = {
			isa = PBXGroup;
			children = (
				30C569B32B9D7C63007B679D /* AccountBriefView */,
				30C5698E2B9C3FA8007B679D /* RoutesView */,
				30F97DC62B9C34F4002738D8 /* ViewModifiers */,
				300C8AD82B9C39E100D50DAE /* BaseViewModel.swift */,
				30C569EC2B9D9EB4007B679D /* TransactionView.swift */,
			);
			path = Shared;
			sourceTree = "<group>";
		};
		30F97DC62B9C34F4002738D8 /* ViewModifiers */ = {
			isa = PBXGroup;
			children = (
				30F97DC92B9C3514002738D8 /* DefaultHorizontalPaddingModifier.swift */,
			);
			path = ViewModifiers;
			sourceTree = "<group>";
		};
		30F97DCB2B9C358D002738D8 /* RegistrationComponent */ = {
			isa = PBXGroup;
			children = (
				30F97DD12B9C35BE002738D8 /* Component */,
				30F97DD02B9C35AA002738D8 /* ViewModel */,
				30F97DCE2B9C35A6002738D8 /* RegistrationView.swift */,
			);
			path = RegistrationComponent;
			sourceTree = "<group>";
		};
		30F97DD02B9C35AA002738D8 /* ViewModel */ = {
			isa = PBXGroup;
			children = (
				30F97DD22B9C35CA002738D8 /* RegistrationViewModel.swift */,
			);
			path = ViewModel;
			sourceTree = "<group>";
		};
		30F97DD12B9C35BE002738D8 /* Component */ = {
			isa = PBXGroup;
			children = (
				30F97DD42B9C35D3002738D8 /* RegistrationComponent.swift */,
			);
			path = Component;
			sourceTree = "<group>";
		};
/* End PBXGroup section */

/* Begin PBXNativeTarget section */
		30F97D732B9C1F2C002738D8 /* Bank */ = {
			isa = PBXNativeTarget;
			buildConfigurationList = 30F97D822B9C1F2D002738D8 /* Build configuration list for PBXNativeTarget "Bank" */;
			buildPhases = (
				30F97D922B9C2749002738D8 /* Needle */,
				30F97D702B9C1F2C002738D8 /* Sources */,
				30F97D712B9C1F2C002738D8 /* Frameworks */,
				30F97D722B9C1F2C002738D8 /* Resources */,
				30F97D932B9C276B002738D8 /* Swiftlint */,
			);
			buildRules = (
			);
			dependencies = (
				30F97D8D2B9C26DF002738D8 /* PBXTargetDependency */,
			);
			name = Bank;
			packageProductDependencies = (
				30F97D862B9C2675002738D8 /* RswiftLibrary */,
				30F97D902B9C2723002738D8 /* NeedleFoundation */,
				30F97DA92B9C2AA4002738D8 /* Papyrus */,
				30F97DAB2B9C2AA4002738D8 /* PapyrusCore */,
				30F97DAF2B9C2ADB002738D8 /* SPAlert */,
				30F97DB32B9C2AF9002738D8 /* KeychainAccess */,
			);
			productName = Bank;
			productReference = 30F97D742B9C1F2C002738D8 /* Bank.app */;
			productType = "com.apple.product-type.application";
		};
/* End PBXNativeTarget section */

/* Begin PBXProject section */
		30F97D6C2B9C1F2C002738D8 /* Project object */ = {
			isa = PBXProject;
			attributes = {
				BuildIndependentTargetsInParallel = 1;
				LastSwiftUpdateCheck = 1530;
				LastUpgradeCheck = 1530;
				TargetAttributes = {
					30F97D732B9C1F2C002738D8 = {
						CreatedOnToolsVersion = 15.3;
					};
				};
			};
			buildConfigurationList = 30F97D6F2B9C1F2C002738D8 /* Build configuration list for PBXProject "Bank" */;
			compatibilityVersion = "Xcode 14.0";
			developmentRegion = en;
			hasScannedForEncodings = 0;
			knownRegions = (
				en,
				Base,
			);
			mainGroup = 30F97D6B2B9C1F2C002738D8;
			packageReferences = (
				30F97D852B9C2675002738D8 /* XCRemoteSwiftPackageReference "R.swift" */,
				30F97D8F2B9C2723002738D8 /* XCRemoteSwiftPackageReference "needle" */,
				30F97DA82B9C2AA4002738D8 /* XCRemoteSwiftPackageReference "papyrus" */,
				30F97DAE2B9C2ADB002738D8 /* XCRemoteSwiftPackageReference "SPAlert" */,
				30F97DB22B9C2AF9002738D8 /* XCRemoteSwiftPackageReference "KeychainAccess" */,
			);
			productRefGroup = 30F97D752B9C1F2C002738D8 /* Products */;
			projectDirPath = "";
			projectRoot = "";
			targets = (
				30F97D732B9C1F2C002738D8 /* Bank */,
			);
		};
/* End PBXProject section */

/* Begin PBXResourcesBuildPhase section */
		30F97D722B9C1F2C002738D8 /* Resources */ = {
			isa = PBXResourcesBuildPhase;
			buildActionMask = 2147483647;
			files = (
				30F97D7F2B9C1F2D002738D8 /* Preview Assets.xcassets in Resources */,
				30F97D8B2B9C268B002738D8 /* Localizable.strings in Resources */,
				30F97D7C2B9C1F2D002738D8 /* Assets.xcassets in Resources */,
			);
			runOnlyForDeploymentPostprocessing = 0;
		};
/* End PBXResourcesBuildPhase section */

/* Begin PBXShellScriptBuildPhase section */
		30F97D922B9C2749002738D8 /* Needle */ = {
			isa = PBXShellScriptBuildPhase;
			buildActionMask = 2147483647;
			files = (
			);
			inputFileListPaths = (
			);
			inputPaths = (
			);
			name = Needle;
			outputFileListPaths = (
			);
			outputPaths = (
			);
			runOnlyForDeploymentPostprocessing = 0;
			shellPath = /bin/sh;
			shellScript = "export PATH=\"$PATH:/opt/homebrew/bin\"\n\nif which needle; then\n    SOURCEKIT_LOGGING=0 && needle generate $SRCROOT/$TARGETNAME/NeedleGenerated.swift $SRCROOT/$TARGETNAME\nelse\n  echo \"warning: Needle not installed, download from https://github.com/uber/needle using Homebrew\"\nfi\n";
		};
		30F97D932B9C276B002738D8 /* Swiftlint */ = {
			isa = PBXShellScriptBuildPhase;
			buildActionMask = 2147483647;
			files = (
			);
			inputFileListPaths = (
			);
			inputPaths = (
			);
			name = Swiftlint;
			outputFileListPaths = (
			);
			outputPaths = (
			);
			runOnlyForDeploymentPostprocessing = 0;
			shellPath = /bin/sh;
			shellScript = "export PATH=\"$PATH:/opt/homebrew/bin\"\nif which swiftlint > /dev/null; then\n  swiftlint\nelse\n  echo \"warning: SwiftLint not installed, download from https://github.com/realm/SwiftLint\"\nfi\n";
		};
/* End PBXShellScriptBuildPhase section */

/* Begin PBXSourcesBuildPhase section */
		30F97D702B9C1F2C002738D8 /* Sources */ = {
			isa = PBXSourcesBuildPhase;
			buildActionMask = 2147483647;
			files = (
				30C56A012B9DD50E007B679D /* DisplayingCreditTerms.swift in Sources */,
				30C56A1C2B9DDF6E007B679D /* LoansOverviewComponent.swift in Sources */,
				30C569E32B9D9E12007B679D /* TransactionsManagementView.swift in Sources */,
				30C569F12B9DCB39007B679D /* StringProtocol+FirstUppercased.swift in Sources */,
				30C569ED2B9D9EB4007B679D /* TransactionView.swift in Sources */,
				30C56A152B9DDEC0007B679D /* LoansOverviewView.swift in Sources */,
				30F97DCF2B9C35A6002738D8 /* RegistrationView.swift in Sources */,
				30C569D62B9D95B5007B679D /* DisplayingAccount.swift in Sources */,
				30C569872B9C3B86007B679D /* Route.swift in Sources */,
				30C569DB2B9D98C4007B679D /* DisplayingTransactionType.swift in Sources */,
				30C569C22B9D7D80007B679D /* DisplayingAccountStatus.swift in Sources */,
				30C56A032B9DD541007B679D /* DisplayingMoney.swift in Sources */,
				30C56A0C2B9DD7F1007B679D /* CreditTermsCreationView.swift in Sources */,
				30C569AD2B9D7A57007B679D /* AccountsManagementComponent.swift in Sources */,
				30C56A072B9DD66E007B679D /* CreditTerms.swift in Sources */,
				30C56A122B9DD905007B679D /* CreditTermsCreationComponent.swift in Sources */,
				30C569C92B9D851C007B679D /* AccountStatus.swift in Sources */,
				30D749C82B9E066A00901CC7 /* DisplayingCustomer.swift in Sources */,
				30C569CD2B9D85DF007B679D /* DisplayingCurrencyType.swift in Sources */,
				30C569C02B9D7D1E007B679D /* DisplayingAccountType.swift in Sources */,
				30C56A052B9DD56B007B679D /* Money.swift in Sources */,
				30F97DD52B9C35D3002738D8 /* RegistrationComponent.swift in Sources */,
				30C56A102B9DD8F8007B679D /* CreditTermsCreationViewModel.swift in Sources */,
				30C569A22B9D7A0D007B679D /* AccountsManagementView.swift in Sources */,
				30F97DD32B9C35CA002738D8 /* RegistrationViewModel.swift in Sources */,
				30C569852B9C3B72007B679D /* RouteView.swift in Sources */,
				30C569D42B9D94D9007B679D /* Account.swift in Sources */,
				30C569CB2B9D85B6007B679D /* CurrencyType.swift in Sources */,
				300C8AD92B9C39E100D50DAE /* BaseViewModel.swift in Sources */,
				30C5697D2B9C3B10007B679D /* MainScreenRouterView.swift in Sources */,
				30C569B22B9D7C57007B679D /* AccountBriefView.swift in Sources */,
				30F97D782B9C1F2C002738D8 /* BankApp.swift in Sources */,
				30C569942B9C3FE0007B679D /* MainScreenRouterViewModel.swift in Sources */,
				30F97D982B9C27FD002738D8 /* MainView.swift in Sources */,
				30C569C72B9D84EC007B679D /* AccountType.swift in Sources */,
				30F97D9B2B9C2829002738D8 /* MainComponent.swift in Sources */,
				30F97DBB2B9C2CB3002738D8 /* AuthenticationView.swift in Sources */,
				30C569CF2B9D9474007B679D /* DisplayingRole.swift in Sources */,
				30C569AA2B9D7A2D007B679D /* AccountsManagementViewModel.swift in Sources */,
				30C569DF2B9D9BB4007B679D /* DisplayingTransaction.swift in Sources */,
				30C569D22B9D949E007B679D /* Role.swift in Sources */,
				30F97DC12B9C2CCE002738D8 /* AuthenticationComponent.swift in Sources */,
				30F97DBF2B9C2CC6002738D8 /* AuthenticationViewModel.swift in Sources */,
				30C569D92B9D9875007B679D /* TransactionType.swift in Sources */,
				30C569DD2B9D9A10007B679D /* Transaction.swift in Sources */,
				30F97DCA2B9C3514002738D8 /* DefaultHorizontalPaddingModifier.swift in Sources */,
				30F97D9E2B9C2836002738D8 /* MainViewModel.swift in Sources */,
				30C569EB2B9D9E4E007B679D /* TransactionsManagementComponent.swift in Sources */,
				30C569B92B9D7C87007B679D /* AccountBrief.swift in Sources */,
				30F97DA62B9C2909002738D8 /* Rswift+SwiftUI.swift in Sources */,
				30F97DA12B9C28AE002738D8 /* NeedleGenerated.swift in Sources */,
				30C569892B9C3C5E007B679D /* RoutesView.swift in Sources */,
				30D749C62B9E062300901CC7 /* Customer.swift in Sources */,
				302FF5432B9E07A0005783EF /* CustomerView.swift in Sources */,
				30C569982B9C409B007B679D /* MainScreenRouterComponent.swift in Sources */,
				30C569E92B9D9E43007B679D /* TransactionsManagementViewModel.swift in Sources */,
				30C56A192B9DDED5007B679D /* LoansOverviewViewModel.swift in Sources */,
			);
			runOnlyForDeploymentPostprocessing = 0;
		};
/* End PBXSourcesBuildPhase section */

/* Begin PBXTargetDependency section */
		30F97D8D2B9C26DF002738D8 /* PBXTargetDependency */ = {
			isa = PBXTargetDependency;
			productRef = 30F97D8C2B9C26DF002738D8 /* RswiftGenerateInternalResources */;
		};
/* End PBXTargetDependency section */

/* Begin PBXVariantGroup section */
		30F97D892B9C268B002738D8 /* Localizable.strings */ = {
			isa = PBXVariantGroup;
			children = (
				30F97D8A2B9C268B002738D8 /* en */,
			);
			name = Localizable.strings;
			sourceTree = "<group>";
		};
/* End PBXVariantGroup section */

/* Begin XCBuildConfiguration section */
		30F97D802B9C1F2D002738D8 /* Debug */ = {
			isa = XCBuildConfiguration;
			buildSettings = {
				ALWAYS_SEARCH_USER_PATHS = NO;
				ASSETCATALOG_COMPILER_GENERATE_SWIFT_ASSET_SYMBOL_EXTENSIONS = YES;
				CLANG_ANALYZER_NONNULL = YES;
				CLANG_ANALYZER_NUMBER_OBJECT_CONVERSION = YES_AGGRESSIVE;
				CLANG_CXX_LANGUAGE_STANDARD = "gnu++20";
				CLANG_ENABLE_MODULES = YES;
				CLANG_ENABLE_OBJC_ARC = YES;
				CLANG_ENABLE_OBJC_WEAK = YES;
				CLANG_WARN_BLOCK_CAPTURE_AUTORELEASING = YES;
				CLANG_WARN_BOOL_CONVERSION = YES;
				CLANG_WARN_COMMA = YES;
				CLANG_WARN_CONSTANT_CONVERSION = YES;
				CLANG_WARN_DEPRECATED_OBJC_IMPLEMENTATIONS = YES;
				CLANG_WARN_DIRECT_OBJC_ISA_USAGE = YES_ERROR;
				CLANG_WARN_DOCUMENTATION_COMMENTS = YES;
				CLANG_WARN_EMPTY_BODY = YES;
				CLANG_WARN_ENUM_CONVERSION = YES;
				CLANG_WARN_INFINITE_RECURSION = YES;
				CLANG_WARN_INT_CONVERSION = YES;
				CLANG_WARN_NON_LITERAL_NULL_CONVERSION = YES;
				CLANG_WARN_OBJC_IMPLICIT_RETAIN_SELF = YES;
				CLANG_WARN_OBJC_LITERAL_CONVERSION = YES;
				CLANG_WARN_OBJC_ROOT_CLASS = YES_ERROR;
				CLANG_WARN_QUOTED_INCLUDE_IN_FRAMEWORK_HEADER = YES;
				CLANG_WARN_RANGE_LOOP_ANALYSIS = YES;
				CLANG_WARN_STRICT_PROTOTYPES = YES;
				CLANG_WARN_SUSPICIOUS_MOVE = YES;
				CLANG_WARN_UNGUARDED_AVAILABILITY = YES_AGGRESSIVE;
				CLANG_WARN_UNREACHABLE_CODE = YES;
				CLANG_WARN__DUPLICATE_METHOD_MATCH = YES;
				COPY_PHASE_STRIP = NO;
				DEBUG_INFORMATION_FORMAT = dwarf;
				ENABLE_STRICT_OBJC_MSGSEND = YES;
				ENABLE_TESTABILITY = YES;
				ENABLE_USER_SCRIPT_SANDBOXING = YES;
				GCC_C_LANGUAGE_STANDARD = gnu17;
				GCC_DYNAMIC_NO_PIC = NO;
				GCC_NO_COMMON_BLOCKS = YES;
				GCC_OPTIMIZATION_LEVEL = 0;
				GCC_PREPROCESSOR_DEFINITIONS = (
					"DEBUG=1",
					"$(inherited)",
				);
				GCC_WARN_64_TO_32_BIT_CONVERSION = YES;
				GCC_WARN_ABOUT_RETURN_TYPE = YES_ERROR;
				GCC_WARN_UNDECLARED_SELECTOR = YES;
				GCC_WARN_UNINITIALIZED_AUTOS = YES_AGGRESSIVE;
				GCC_WARN_UNUSED_FUNCTION = YES;
				GCC_WARN_UNUSED_VARIABLE = YES;
				IPHONEOS_DEPLOYMENT_TARGET = 17.4;
				LOCALIZATION_PREFERS_STRING_CATALOGS = YES;
				MTL_ENABLE_DEBUG_INFO = INCLUDE_SOURCE;
				MTL_FAST_MATH = YES;
				ONLY_ACTIVE_ARCH = YES;
				SDKROOT = iphoneos;
				SWIFT_ACTIVE_COMPILATION_CONDITIONS = "DEBUG $(inherited)";
				SWIFT_OPTIMIZATION_LEVEL = "-Onone";
			};
			name = Debug;
		};
		30F97D812B9C1F2D002738D8 /* Release */ = {
			isa = XCBuildConfiguration;
			buildSettings = {
				ALWAYS_SEARCH_USER_PATHS = NO;
				ASSETCATALOG_COMPILER_GENERATE_SWIFT_ASSET_SYMBOL_EXTENSIONS = YES;
				CLANG_ANALYZER_NONNULL = YES;
				CLANG_ANALYZER_NUMBER_OBJECT_CONVERSION = YES_AGGRESSIVE;
				CLANG_CXX_LANGUAGE_STANDARD = "gnu++20";
				CLANG_ENABLE_MODULES = YES;
				CLANG_ENABLE_OBJC_ARC = YES;
				CLANG_ENABLE_OBJC_WEAK = YES;
				CLANG_WARN_BLOCK_CAPTURE_AUTORELEASING = YES;
				CLANG_WARN_BOOL_CONVERSION = YES;
				CLANG_WARN_COMMA = YES;
				CLANG_WARN_CONSTANT_CONVERSION = YES;
				CLANG_WARN_DEPRECATED_OBJC_IMPLEMENTATIONS = YES;
				CLANG_WARN_DIRECT_OBJC_ISA_USAGE = YES_ERROR;
				CLANG_WARN_DOCUMENTATION_COMMENTS = YES;
				CLANG_WARN_EMPTY_BODY = YES;
				CLANG_WARN_ENUM_CONVERSION = YES;
				CLANG_WARN_INFINITE_RECURSION = YES;
				CLANG_WARN_INT_CONVERSION = YES;
				CLANG_WARN_NON_LITERAL_NULL_CONVERSION = YES;
				CLANG_WARN_OBJC_IMPLICIT_RETAIN_SELF = YES;
				CLANG_WARN_OBJC_LITERAL_CONVERSION = YES;
				CLANG_WARN_OBJC_ROOT_CLASS = YES_ERROR;
				CLANG_WARN_QUOTED_INCLUDE_IN_FRAMEWORK_HEADER = YES;
				CLANG_WARN_RANGE_LOOP_ANALYSIS = YES;
				CLANG_WARN_STRICT_PROTOTYPES = YES;
				CLANG_WARN_SUSPICIOUS_MOVE = YES;
				CLANG_WARN_UNGUARDED_AVAILABILITY = YES_AGGRESSIVE;
				CLANG_WARN_UNREACHABLE_CODE = YES;
				CLANG_WARN__DUPLICATE_METHOD_MATCH = YES;
				COPY_PHASE_STRIP = NO;
				DEBUG_INFORMATION_FORMAT = "dwarf-with-dsym";
				ENABLE_NS_ASSERTIONS = NO;
				ENABLE_STRICT_OBJC_MSGSEND = YES;
				ENABLE_USER_SCRIPT_SANDBOXING = YES;
				GCC_C_LANGUAGE_STANDARD = gnu17;
				GCC_NO_COMMON_BLOCKS = YES;
				GCC_WARN_64_TO_32_BIT_CONVERSION = YES;
				GCC_WARN_ABOUT_RETURN_TYPE = YES_ERROR;
				GCC_WARN_UNDECLARED_SELECTOR = YES;
				GCC_WARN_UNINITIALIZED_AUTOS = YES_AGGRESSIVE;
				GCC_WARN_UNUSED_FUNCTION = YES;
				GCC_WARN_UNUSED_VARIABLE = YES;
				IPHONEOS_DEPLOYMENT_TARGET = 17.4;
				LOCALIZATION_PREFERS_STRING_CATALOGS = YES;
				MTL_ENABLE_DEBUG_INFO = NO;
				MTL_FAST_MATH = YES;
				SDKROOT = iphoneos;
				SWIFT_COMPILATION_MODE = wholemodule;
				VALIDATE_PRODUCT = YES;
			};
			name = Release;
		};
		30F97D832B9C1F2D002738D8 /* Debug */ = {
			isa = XCBuildConfiguration;
			buildSettings = {
				ASSETCATALOG_COMPILER_APPICON_NAME = AppIcon;
				ASSETCATALOG_COMPILER_GLOBAL_ACCENT_COLOR_NAME = AccentColor;
				CODE_SIGN_STYLE = Automatic;
				CURRENT_PROJECT_VERSION = 1;
				DEVELOPMENT_ASSET_PATHS = "\"Bank/Preview Content\"";
				DEVELOPMENT_TEAM = 892KGV2B93;
				ENABLE_PREVIEWS = YES;
				ENABLE_USER_SCRIPT_SANDBOXING = NO;
				GENERATE_INFOPLIST_FILE = YES;
				INFOPLIST_KEY_UIApplicationSceneManifest_Generation = YES;
				INFOPLIST_KEY_UIApplicationSupportsIndirectInputEvents = YES;
				INFOPLIST_KEY_UILaunchScreen_Generation = YES;
				INFOPLIST_KEY_UISupportedInterfaceOrientations = UIInterfaceOrientationPortrait;
				IPHONEOS_DEPLOYMENT_TARGET = 17.0;
				LD_RUNPATH_SEARCH_PATHS = (
					"$(inherited)",
					"@executable_path/Frameworks",
				);
				MARKETING_VERSION = 1.0;
				PRODUCT_BUNDLE_IDENTIFIER = "com.delet-dis.Bank";
				PRODUCT_NAME = "$(TARGET_NAME)";
				SUPPORTED_PLATFORMS = "iphoneos iphonesimulator";
				SUPPORTS_MACCATALYST = NO;
				SWIFT_EMIT_LOC_STRINGS = YES;
				SWIFT_STRICT_CONCURRENCY = complete;
				SWIFT_VERSION = 5.0;
				TARGETED_DEVICE_FAMILY = 1;
			};
			name = Debug;
		};
		30F97D842B9C1F2D002738D8 /* Release */ = {
			isa = XCBuildConfiguration;
			buildSettings = {
				ASSETCATALOG_COMPILER_APPICON_NAME = AppIcon;
				ASSETCATALOG_COMPILER_GLOBAL_ACCENT_COLOR_NAME = AccentColor;
				CODE_SIGN_STYLE = Automatic;
				CURRENT_PROJECT_VERSION = 1;
				DEVELOPMENT_ASSET_PATHS = "\"Bank/Preview Content\"";
				DEVELOPMENT_TEAM = 892KGV2B93;
				ENABLE_PREVIEWS = YES;
				ENABLE_USER_SCRIPT_SANDBOXING = NO;
				GENERATE_INFOPLIST_FILE = YES;
				INFOPLIST_KEY_UIApplicationSceneManifest_Generation = YES;
				INFOPLIST_KEY_UIApplicationSupportsIndirectInputEvents = YES;
				INFOPLIST_KEY_UILaunchScreen_Generation = YES;
				INFOPLIST_KEY_UISupportedInterfaceOrientations = UIInterfaceOrientationPortrait;
				IPHONEOS_DEPLOYMENT_TARGET = 17.0;
				LD_RUNPATH_SEARCH_PATHS = (
					"$(inherited)",
					"@executable_path/Frameworks",
				);
				MARKETING_VERSION = 1.0;
				PRODUCT_BUNDLE_IDENTIFIER = "com.delet-dis.Bank";
				PRODUCT_NAME = "$(TARGET_NAME)";
				SUPPORTED_PLATFORMS = "iphoneos iphonesimulator";
				SUPPORTS_MACCATALYST = NO;
				SWIFT_EMIT_LOC_STRINGS = YES;
				SWIFT_STRICT_CONCURRENCY = complete;
				SWIFT_VERSION = 5.0;
				TARGETED_DEVICE_FAMILY = 1;
			};
			name = Release;
		};
/* End XCBuildConfiguration section */

/* Begin XCConfigurationList section */
		30F97D6F2B9C1F2C002738D8 /* Build configuration list for PBXProject "Bank" */ = {
			isa = XCConfigurationList;
			buildConfigurations = (
				30F97D802B9C1F2D002738D8 /* Debug */,
				30F97D812B9C1F2D002738D8 /* Release */,
			);
			defaultConfigurationIsVisible = 0;
			defaultConfigurationName = Release;
		};
		30F97D822B9C1F2D002738D8 /* Build configuration list for PBXNativeTarget "Bank" */ = {
			isa = XCConfigurationList;
			buildConfigurations = (
				30F97D832B9C1F2D002738D8 /* Debug */,
				30F97D842B9C1F2D002738D8 /* Release */,
			);
			defaultConfigurationIsVisible = 0;
			defaultConfigurationName = Release;
		};
/* End XCConfigurationList section */

/* Begin XCRemoteSwiftPackageReference section */
		30F97D852B9C2675002738D8 /* XCRemoteSwiftPackageReference "R.swift" */ = {
			isa = XCRemoteSwiftPackageReference;
			repositoryURL = "https://github.com/mac-cain13/R.swift.git";
			requirement = {
				kind = upToNextMajorVersion;
				minimumVersion = 7.5.0;
			};
		};
		30F97D8F2B9C2723002738D8 /* XCRemoteSwiftPackageReference "needle" */ = {
			isa = XCRemoteSwiftPackageReference;
			repositoryURL = "https://github.com/uber/needle.git";
			requirement = {
				kind = upToNextMajorVersion;
				minimumVersion = 0.23.0;
			};
		};
		30F97DA82B9C2AA4002738D8 /* XCRemoteSwiftPackageReference "papyrus" */ = {
			isa = XCRemoteSwiftPackageReference;
			repositoryURL = "https://github.com/joshuawright11/papyrus.git";
			requirement = {
				kind = upToNextMajorVersion;
				minimumVersion = 0.6.8;
			};
		};
		30F97DAE2B9C2ADB002738D8 /* XCRemoteSwiftPackageReference "SPAlert" */ = {
			isa = XCRemoteSwiftPackageReference;
			repositoryURL = "https://github.com/ivanvorobei/SPAlert";
			requirement = {
				kind = upToNextMajorVersion;
				minimumVersion = 4.2.0;
			};
		};
		30F97DB22B9C2AF9002738D8 /* XCRemoteSwiftPackageReference "KeychainAccess" */ = {
			isa = XCRemoteSwiftPackageReference;
			repositoryURL = "https://github.com/kishikawakatsumi/KeychainAccess.git";
			requirement = {
				kind = upToNextMajorVersion;
				minimumVersion = 4.2.2;
			};
		};
/* End XCRemoteSwiftPackageReference section */

/* Begin XCSwiftPackageProductDependency section */
		30F97D862B9C2675002738D8 /* RswiftLibrary */ = {
			isa = XCSwiftPackageProductDependency;
			package = 30F97D852B9C2675002738D8 /* XCRemoteSwiftPackageReference "R.swift" */;
			productName = RswiftLibrary;
		};
		30F97D8C2B9C26DF002738D8 /* RswiftGenerateInternalResources */ = {
			isa = XCSwiftPackageProductDependency;
			package = 30F97D852B9C2675002738D8 /* XCRemoteSwiftPackageReference "R.swift" */;
			productName = "plugin:RswiftGenerateInternalResources";
		};
		30F97D902B9C2723002738D8 /* NeedleFoundation */ = {
			isa = XCSwiftPackageProductDependency;
			package = 30F97D8F2B9C2723002738D8 /* XCRemoteSwiftPackageReference "needle" */;
			productName = NeedleFoundation;
		};
		30F97DA92B9C2AA4002738D8 /* Papyrus */ = {
			isa = XCSwiftPackageProductDependency;
			package = 30F97DA82B9C2AA4002738D8 /* XCRemoteSwiftPackageReference "papyrus" */;
			productName = Papyrus;
		};
		30F97DAB2B9C2AA4002738D8 /* PapyrusCore */ = {
			isa = XCSwiftPackageProductDependency;
			package = 30F97DA82B9C2AA4002738D8 /* XCRemoteSwiftPackageReference "papyrus" */;
			productName = PapyrusCore;
		};
		30F97DAF2B9C2ADB002738D8 /* SPAlert */ = {
			isa = XCSwiftPackageProductDependency;
			package = 30F97DAE2B9C2ADB002738D8 /* XCRemoteSwiftPackageReference "SPAlert" */;
			productName = SPAlert;
		};
		30F97DB32B9C2AF9002738D8 /* KeychainAccess */ = {
			isa = XCSwiftPackageProductDependency;
			package = 30F97DB22B9C2AF9002738D8 /* XCRemoteSwiftPackageReference "KeychainAccess" */;
			productName = KeychainAccess;
		};
/* End XCSwiftPackageProductDependency section */
	};
	rootObject = 30F97D6C2B9C1F2C002738D8 /* Project object */;
}
